
Microsoft Visual Studio Solution File, Format Version 12.00
Project("{FAE04EC0-301F-11D3-BF4B-00C04F79EFBC}") = "PortalBlazor", "PortalBlazor\PortalBlazor.csproj", "{BE0B6146-05AE-4C6E-AECA-7355E32B00C8}"
EndProject
Project("{FAE04EC0-301F-11D3-BF4B-00C04F79EFBC}") = "Data", "Data\Data.csproj", "{84E030AE-FCD2-47EC-A3A9-6A47EB60CB32}"
EndProject
Project("{FAE04EC0-301F-11D3-BF4B-00C04F79EFBC}") = "Users.Core", "Users.Core\Users.Core.csproj", "{8AB7922D-D2A1-4B14-BE70-E1002A72F9C4}"
EndProject
Project("{FAE04EC0-301F-11D3-BF4B-00C04F79EFBC}") = "ViewModels", "ViewModels\ViewModels.csproj", "{5AE3991F-5B1D-4495-976B-1183DD16C7F0}"
EndProject
Project("{FAE04EC0-301F-11D3-BF4B-00C04F79EFBC}") = "Resources", "Resources\Resources.csproj", "{B0678B4D-A33F-4651-9A69-EBC72907F52A}"
EndProject
Project("{FAE04EC0-301F-11D3-BF4B-00C04F79EFBC}") = "Configuration.Core", "Configuration.Core\Configuration.Core.csproj", "{92605BB7-5633-47A9-9DD2-08718309EBF4}"
EndProject
Project("{2150E333-8FDC-42A3-9474-1A3956D46DE8}") = "Notifications", "Notifications", "{EB1699DE-5894-48B8-83E9-67BFF09DD631}"
EndProject
Project("{FAE04EC0-301F-11D3-BF4B-00C04F79EFBC}") = "Notifications.Shared", "Notifications.Shared\Notifications.Shared.csproj", "{5CBA6B74-8B19-40DB-93DF-418C685D91A8}"
EndProject
Project("{FAE04EC0-301F-11D3-BF4B-00C04F79EFBC}") = "Notifications.Core", "Notifications.Core\Notifications.Core.csproj", "{33E58158-3516-488C-ADBD-42994238FE7D}"
EndProject
Project("{2150E333-8FDC-42A3-9474-1A3956D46DE8}") = "Configuration", "Configuration", "{F82FA775-DB29-4DAF-8F0C-B9B1F4E9D069}"
EndProject
Project("{FAE04EC0-301F-11D3-BF4B-00C04F79EFBC}") = "Configuration.Shared", "Configuration.Shared\Configuration.Shared.csproj", "{F7C9363E-D1DD-430E-8C60-50763ABFC7EB}"
EndProject
Project("{2150E333-8FDC-42A3-9474-1A3956D46DE8}") = "Users", "Users", "{15EB88B3-FE98-473C-B096-E9B2C90D5E94}"
EndProject
Project("{FAE04EC0-301F-11D3-BF4B-00C04F79EFBC}") = "Users.Shared", "Users.Shared\Users.Shared.csproj", "{9EE2DFE0-B041-4C2F-B8E9-46A6D8AF5433}"
EndProject
Project("{2150E333-8FDC-42A3-9474-1A3956D46DE8}") = "EventsSaver", "EventsSaver", "{808A0B01-594E-4169-B4A5-95BAE18926EA}"
EndProject
Project("{FAE04EC0-301F-11D3-BF4B-00C04F79EFBC}") = "EventsSaver.Core", "EventsSaver.Core\EventsSaver.Core.csproj", "{076ADE34-C576-4760-83A2-5C0B71E4468F}"
EndProject
Project("{FAE04EC0-301F-11D3-BF4B-00C04F79EFBC}") = "EventsSaver.Shared", "EventsSaver.Shared\EventsSaver.Shared.csproj", "{CD47041B-A328-41FE-9848-072E0DA2DD9D}"
EndProject
Global
	GlobalSection(SolutionConfigurationPlatforms) = preSolution
		Release|x64 = Release|x64
		Debug|x64 = Debug|x64
	EndGlobalSection
	GlobalSection(ProjectConfigurationPlatforms) = postSolution
		{84E030AE-FCD2-47EC-A3A9-6A47EB60CB32}.Debug|x64.ActiveCfg = Debug|x64
		{84E030AE-FCD2-47EC-A3A9-6A47EB60CB32}.Debug|x64.Build.0 = Debug|x64
		{84E030AE-FCD2-47EC-A3A9-6A47EB60CB32}.Release|x64.ActiveCfg = Debug|Any CPU
		{84E030AE-FCD2-47EC-A3A9-6A47EB60CB32}.Release|x64.Build.0 = Debug|Any CPU
		{BE0B6146-05AE-4C6E-AECA-7355E32B00C8}.Debug|x64.ActiveCfg = Debug|x64
		{BE0B6146-05AE-4C6E-AECA-7355E32B00C8}.Debug|x64.Build.0 = Debug|x64
		{BE0B6146-05AE-4C6E-AECA-7355E32B00C8}.Release|x64.ActiveCfg = Debug|Any CPU
		{BE0B6146-05AE-4C6E-AECA-7355E32B00C8}.Release|x64.Build.0 = Debug|Any CPU
		{8AB7922D-D2A1-4B14-BE70-E1002A72F9C4}.Debug|x64.ActiveCfg = Debug|x64
		{8AB7922D-D2A1-4B14-BE70-E1002A72F9C4}.Debug|x64.Build.0 = Debug|x64
		{8AB7922D-D2A1-4B14-BE70-E1002A72F9C4}.Release|x64.ActiveCfg = Debug|Any CPU
		{8AB7922D-D2A1-4B14-BE70-E1002A72F9C4}.Release|x64.Build.0 = Debug|Any CPU
		{5AE3991F-5B1D-4495-976B-1183DD16C7F0}.Debug|x64.ActiveCfg = Debug|x64
		{5AE3991F-5B1D-4495-976B-1183DD16C7F0}.Debug|x64.Build.0 = Debug|x64
		{5AE3991F-5B1D-4495-976B-1183DD16C7F0}.Release|x64.ActiveCfg = Debug|Any CPU
		{5AE3991F-5B1D-4495-976B-1183DD16C7F0}.Release|x64.Build.0 = Debug|Any CPU
		{B0678B4D-A33F-4651-9A69-EBC72907F52A}.Release|x64.ActiveCfg = Release|Any CPU
		{B0678B4D-A33F-4651-9A69-EBC72907F52A}.Release|x64.Build.0 = Release|Any CPU
		{B0678B4D-A33F-4651-9A69-EBC72907F52A}.Debug|x64.ActiveCfg = Debug|Any CPU
		{B0678B4D-A33F-4651-9A69-EBC72907F52A}.Debug|x64.Build.0 = Debug|Any CPU
		{92605BB7-5633-47A9-9DD2-08718309EBF4}.Release|x64.ActiveCfg = Release|Any CPU
		{92605BB7-5633-47A9-9DD2-08718309EBF4}.Release|x64.Build.0 = Release|Any CPU
		{92605BB7-5633-47A9-9DD2-08718309EBF4}.Debug|x64.ActiveCfg = Debug|Any CPU
		{92605BB7-5633-47A9-9DD2-08718309EBF4}.Debug|x64.Build.0 = Debug|Any CPU
		{5CBA6B74-8B19-40DB-93DF-418C685D91A8}.Release|x64.ActiveCfg = Release|Any CPU
		{5CBA6B74-8B19-40DB-93DF-418C685D91A8}.Release|x64.Build.0 = Release|Any CPU
		{5CBA6B74-8B19-40DB-93DF-418C685D91A8}.Debug|x64.ActiveCfg = Debug|Any CPU
		{5CBA6B74-8B19-40DB-93DF-418C685D91A8}.Debug|x64.Build.0 = Debug|Any CPU
		{33E58158-3516-488C-ADBD-42994238FE7D}.Release|x64.ActiveCfg = Release|Any CPU
		{33E58158-3516-488C-ADBD-42994238FE7D}.Release|x64.Build.0 = Release|Any CPU
		{33E58158-3516-488C-ADBD-42994238FE7D}.Debug|x64.ActiveCfg = Debug|Any CPU
		{33E58158-3516-488C-ADBD-42994238FE7D}.Debug|x64.Build.0 = Debug|Any CPU
		{F7C9363E-D1DD-430E-8C60-50763ABFC7EB}.Release|x64.ActiveCfg = Release|Any CPU
		{F7C9363E-D1DD-430E-8C60-50763ABFC7EB}.Release|x64.Build.0 = Release|Any CPU
		{F7C9363E-D1DD-430E-8C60-50763ABFC7EB}.Debug|x64.ActiveCfg = Debug|Any CPU
		{F7C9363E-D1DD-430E-8C60-50763ABFC7EB}.Debug|x64.Build.0 = Debug|Any CPU
		{9EE2DFE0-B041-4C2F-B8E9-46A6D8AF5433}.Release|x64.ActiveCfg = Release|Any CPU
		{9EE2DFE0-B041-4C2F-B8E9-46A6D8AF5433}.Release|x64.Build.0 = Release|Any CPU
		{9EE2DFE0-B041-4C2F-B8E9-46A6D8AF5433}.Debug|x64.ActiveCfg = Debug|Any CPU
		{9EE2DFE0-B041-4C2F-B8E9-46A6D8AF5433}.Debug|x64.Build.0 = Debug|Any CPU
		{076ADE34-C576-4760-83A2-5C0B71E4468F}.Release|x64.ActiveCfg = Release|Any CPU
		{076ADE34-C576-4760-83A2-5C0B71E4468F}.Release|x64.Build.0 = Release|Any CPU
		{076ADE34-C576-4760-83A2-5C0B71E4468F}.Debug|x64.ActiveCfg = Debug|Any CPU
		{076ADE34-C576-4760-83A2-5C0B71E4468F}.Debug|x64.Build.0 = Debug|Any CPU
		{CD47041B-A328-41FE-9848-072E0DA2DD9D}.Release|x64.ActiveCfg = Release|Any CPU
		{CD47041B-A328-41FE-9848-072E0DA2DD9D}.Release|x64.Build.0 = Release|Any CPU
		{CD47041B-A328-41FE-9848-072E0DA2DD9D}.Debug|x64.ActiveCfg = Debug|Any CPU
		{CD47041B-A328-41FE-9848-072E0DA2DD9D}.Debug|x64.Build.0 = Debug|Any CPU
	EndGlobalSection
	GlobalSection(NestedProjects) = preSolution
		{5CBA6B74-8B19-40DB-93DF-418C685D91A8} = {EB1699DE-5894-48B8-83E9-67BFF09DD631}
		{33E58158-3516-488C-ADBD-42994238FE7D} = {EB1699DE-5894-48B8-83E9-67BFF09DD631}
		{92605BB7-5633-47A9-9DD2-08718309EBF4} = {F82FA775-DB29-4DAF-8F0C-B9B1F4E9D069}
		{F7C9363E-D1DD-430E-8C60-50763ABFC7EB} = {F82FA775-DB29-4DAF-8F0C-B9B1F4E9D069}
		{8AB7922D-D2A1-4B14-BE70-E1002A72F9C4} = {15EB88B3-FE98-473C-B096-E9B2C90D5E94}
		{9EE2DFE0-B041-4C2F-B8E9-46A6D8AF5433} = {15EB88B3-FE98-473C-B096-E9B2C90D5E94}
		{076ADE34-C576-4760-83A2-5C0B71E4468F} = {808A0B01-594E-4169-B4A5-95BAE18926EA}
		{CD47041B-A328-41FE-9848-072E0DA2DD9D} = {808A0B01-594E-4169-B4A5-95BAE18926EA}
	EndGlobalSection
EndGlobal
